// !$*UTF8*$!
{
	archiveVersion = 1;
	classes = {
	};
	objectVersion = 51;
	objects = {

/* Begin PBXBuildFile section */
		2F07095924A3E5340023B1AB /* NewsPageVC.swift in Sources */ = {isa = PBXBuildFile; fileRef = 2F07095824A3E5340023B1AB /* NewsPageVC.swift */; };
		2F07095C24A46FE20023B1AB /* ApplicationsListVC.swift in Sources */ = {isa = PBXBuildFile; fileRef = 2F07095B24A46FE20023B1AB /* ApplicationsListVC.swift */; };
		2F07095E24A476250023B1AB /* ApplicationView.swift in Sources */ = {isa = PBXBuildFile; fileRef = 2F07095D24A476250023B1AB /* ApplicationView.swift */; };
		2F2A137924A494F800E4A9DA /* FilterVC.swift in Sources */ = {isa = PBXBuildFile; fileRef = 2F2A137824A494F800E4A9DA /* FilterVC.swift */; };
		2F2A137E24A4A8FC00E4A9DA /* CityCVC.swift in Sources */ = {isa = PBXBuildFile; fileRef = 2F2A137C24A4A8FC00E4A9DA /* CityCVC.swift */; };
		2F2A137F24A4A8FC00E4A9DA /* CityCVC.xib in Resources */ = {isa = PBXBuildFile; fileRef = 2F2A137D24A4A8FC00E4A9DA /* CityCVC.xib */; };
		2F65436E24A23AF00080C445 /* NewsListVC.swift in Sources */ = {isa = PBXBuildFile; fileRef = 2F65436D24A23AF00080C445 /* NewsListVC.swift */; };
		2F65437024A23C0A0080C445 /* NewsView.swift in Sources */ = {isa = PBXBuildFile; fileRef = 2F65436F24A23C0A0080C445 /* NewsView.swift */; };
		2F65437224A249F00080C445 /* NewsObjevcts.swift in Sources */ = {isa = PBXBuildFile; fileRef = 2F65437124A249F00080C445 /* NewsObjevcts.swift */; };
		2F82279924A5C63E00612BFF /* ApplicationObjects.swift in Sources */ = {isa = PBXBuildFile; fileRef = 2F82279824A5C63E00612BFF /* ApplicationObjects.swift */; };
		2F82279C24A5D3AC00612BFF /* CreateApplicationVC.swift in Sources */ = {isa = PBXBuildFile; fileRef = 2F82279B24A5D3AC00612BFF /* CreateApplicationVC.swift */; };
		2F82279E24A605D000612BFF /* MyApplicationsVC.swift in Sources */ = {isa = PBXBuildFile; fileRef = 2F82279D24A605D000612BFF /* MyApplicationsVC.swift */; };
		2F8227A024A61EE600612BFF /* ApplicationVC.swift in Sources */ = {isa = PBXBuildFile; fileRef = 2F82279F24A61EE600612BFF /* ApplicationVC.swift */; };
		2FF6C17824A8B4EB00E64505 /* VolunteerListVC.swift in Sources */ = {isa = PBXBuildFile; fileRef = 2FF6C17724A8B4EA00E64505 /* VolunteerListVC.swift */; };
		2FF6C17A24A8E09300E64505 /* SuccessView.swift in Sources */ = {isa = PBXBuildFile; fileRef = 2FF6C17924A8E09300E64505 /* SuccessView.swift */; };
		917714ACC9491D5F50AAB7B3 /* Pods_SmartVolunteer.framework in Frameworks */ = {isa = PBXBuildFile; fileRef = 5CB688ED28AC0C3D03F7EA83 /* Pods_SmartVolunteer.framework */; };
		F2156CE624A8F96000BFFDBD /* FundsRequestsVC.swift in Sources */ = {isa = PBXBuildFile; fileRef = F2156CE524A8F96000BFFDBD /* FundsRequestsVC.swift */; };
		F2156CE824A901FF00BFFDBD /* MyFundsVC.swift in Sources */ = {isa = PBXBuildFile; fileRef = F2156CE724A901FF00BFFDBD /* MyFundsVC.swift */; };
		F2156CEA24A9125200BFFDBD /* ProfileVC.swift in Sources */ = {isa = PBXBuildFile; fileRef = F2156CE924A9125200BFFDBD /* ProfileVC.swift */; };
		F2156CEC24A9164400BFFDBD /* DataView.swift in Sources */ = {isa = PBXBuildFile; fileRef = F2156CEB24A9164400BFFDBD /* DataView.swift */; };
		F2156CEF24A91B7700BFFDBD /* ProfileViewController.swift in Sources */ = {isa = PBXBuildFile; fileRef = F2156CED24A91B7700BFFDBD /* ProfileViewController.swift */; };
		F2156CF024A91B7700BFFDBD /* ProfileViewController.xib in Resources */ = {isa = PBXBuildFile; fileRef = F2156CEE24A91B7700BFFDBD /* ProfileViewController.xib */; };
		F24B2D31249FC5CC0080C5B4 /* AppDelegate.swift in Sources */ = {isa = PBXBuildFile; fileRef = F24B2D30249FC5CC0080C5B4 /* AppDelegate.swift */; };
		F24B2D38249FC5CC0080C5B4 /* Main.storyboard in Resources */ = {isa = PBXBuildFile; fileRef = F24B2D36249FC5CC0080C5B4 /* Main.storyboard */; };
		F24B2D3A249FC5CF0080C5B4 /* Assets.xcassets in Resources */ = {isa = PBXBuildFile; fileRef = F24B2D39249FC5CF0080C5B4 /* Assets.xcassets */; };
		F24B2D3D249FC5CF0080C5B4 /* LaunchScreen.storyboard in Resources */ = {isa = PBXBuildFile; fileRef = F24B2D3B249FC5CF0080C5B4 /* LaunchScreen.storyboard */; };
		F24B2D4F249FC6350080C5B4 /* StackViewExtensions.swift in Sources */ = {isa = PBXBuildFile; fileRef = F24B2D47249FC6340080C5B4 /* StackViewExtensions.swift */; };
		F24B2D50249FC6350080C5B4 /* ViewExtensions.swift in Sources */ = {isa = PBXBuildFile; fileRef = F24B2D48249FC6340080C5B4 /* ViewExtensions.swift */; };
		F24B2D51249FC6350080C5B4 /* StringExtension.swift in Sources */ = {isa = PBXBuildFile; fileRef = F24B2D49249FC6340080C5B4 /* StringExtension.swift */; };
		F24B2D52249FC6350080C5B4 /* LabelExtensions.swift in Sources */ = {isa = PBXBuildFile; fileRef = F24B2D4A249FC6340080C5B4 /* LabelExtensions.swift */; };
		F24B2D53249FC6350080C5B4 /* UIViewExtensions.swift in Sources */ = {isa = PBXBuildFile; fileRef = F24B2D4B249FC6340080C5B4 /* UIViewExtensions.swift */; };
		F24B2D54249FC6350080C5B4 /* ScrollStackController.swift in Sources */ = {isa = PBXBuildFile; fileRef = F24B2D4C249FC6340080C5B4 /* ScrollStackController.swift */; };
		F24B2D55249FC6350080C5B4 /* Colors.swift in Sources */ = {isa = PBXBuildFile; fileRef = F24B2D4D249FC6340080C5B4 /* Colors.swift */; };
		F24B2D56249FC6350080C5B4 /* ViewControllerExtension.swift in Sources */ = {isa = PBXBuildFile; fileRef = F24B2D4E249FC6350080C5B4 /* ViewControllerExtension.swift */; };
		F24B2D59249FC6780080C5B4 /* Constants.swift in Sources */ = {isa = PBXBuildFile; fileRef = F24B2D58249FC6780080C5B4 /* Constants.swift */; };
		F24B2D5B249FC72E0080C5B4 /* Requests.swift in Sources */ = {isa = PBXBuildFile; fileRef = F24B2D5A249FC72E0080C5B4 /* Requests.swift */; };
		F26F262724A11EE800934874 /* CheckIINVC.swift in Sources */ = {isa = PBXBuildFile; fileRef = F26F262524A11EE800934874 /* CheckIINVC.swift */; };
		F26F262824A11EE800934874 /* CheckIINVC.xib in Resources */ = {isa = PBXBuildFile; fileRef = F26F262624A11EE800934874 /* CheckIINVC.xib */; };
		F2B26A8A24A2246A001EAC0E /* PasswordVC.swift in Sources */ = {isa = PBXBuildFile; fileRef = F2B26A8824A2246A001EAC0E /* PasswordVC.swift */; };
		F2B26A8B24A2246A001EAC0E /* PasswordVC.xib in Resources */ = {isa = PBXBuildFile; fileRef = F2B26A8924A2246A001EAC0E /* PasswordVC.xib */; };
		F2B26A8D24A22A25001EAC0E /* SignUpVC.swift in Sources */ = {isa = PBXBuildFile; fileRef = F2B26A8C24A22A25001EAC0E /* SignUpVC.swift */; };
		F2B26A9024A27755001EAC0E /* GeneralButton.swift in Sources */ = {isa = PBXBuildFile; fileRef = F2B26A8F24A27755001EAC0E /* GeneralButton.swift */; };
		F2B26A9224A279F4001EAC0E /* ChooseCityVC.swift in Sources */ = {isa = PBXBuildFile; fileRef = F2B26A9124A279F4001EAC0E /* ChooseCityVC.swift */; };
		F2B26A9524A28330001EAC0E /* Models.swift in Sources */ = {isa = PBXBuildFile; fileRef = F2B26A9424A28330001EAC0E /* Models.swift */; };
		F2B26A9824A33B9C001EAC0E /* TabbarViewController.swift in Sources */ = {isa = PBXBuildFile; fileRef = F2B26A9724A33B9C001EAC0E /* TabbarViewController.swift */; };
		F2B26A9B24A34B08001EAC0E /* FundsListVC.swift in Sources */ = {isa = PBXBuildFile; fileRef = F2B26A9A24A34B08001EAC0E /* FundsListVC.swift */; };
		F2B26A9F24A34C33001EAC0E /* FuncTVC.swift in Sources */ = {isa = PBXBuildFile; fileRef = F2B26A9D24A34C33001EAC0E /* FuncTVC.swift */; };
		F2B26AA024A34C33001EAC0E /* FuncTVC.xib in Resources */ = {isa = PBXBuildFile; fileRef = F2B26A9E24A34C33001EAC0E /* FuncTVC.xib */; };
		F2DB2CEE24A4BCC600940F1C /* FundVC.swift in Sources */ = {isa = PBXBuildFile; fileRef = F2DB2CEC24A4BCC600940F1C /* FundVC.swift */; };
		F2DB2CEF24A4BCC600940F1C /* FundVC.xib in Resources */ = {isa = PBXBuildFile; fileRef = F2DB2CED24A4BCC600940F1C /* FundVC.xib */; };
/* End PBXBuildFile section */

/* Begin PBXFileReference section */
		2F07095824A3E5340023B1AB /* NewsPageVC.swift */ = {isa = PBXFileReference; lastKnownFileType = sourcecode.swift; path = NewsPageVC.swift; sourceTree = "<group>"; };
		2F07095B24A46FE20023B1AB /* ApplicationsListVC.swift */ = {isa = PBXFileReference; lastKnownFileType = sourcecode.swift; path = ApplicationsListVC.swift; sourceTree = "<group>"; };
		2F07095D24A476250023B1AB /* ApplicationView.swift */ = {isa = PBXFileReference; lastKnownFileType = sourcecode.swift; path = ApplicationView.swift; sourceTree = "<group>"; };
		2F2A137824A494F800E4A9DA /* FilterVC.swift */ = {isa = PBXFileReference; lastKnownFileType = sourcecode.swift; path = FilterVC.swift; sourceTree = "<group>"; };
		2F2A137C24A4A8FC00E4A9DA /* CityCVC.swift */ = {isa = PBXFileReference; lastKnownFileType = sourcecode.swift; path = CityCVC.swift; sourceTree = "<group>"; };
		2F2A137D24A4A8FC00E4A9DA /* CityCVC.xib */ = {isa = PBXFileReference; lastKnownFileType = file.xib; path = CityCVC.xib; sourceTree = "<group>"; };
		2F65436D24A23AF00080C445 /* NewsListVC.swift */ = {isa = PBXFileReference; lastKnownFileType = sourcecode.swift; path = NewsListVC.swift; sourceTree = "<group>"; };
		2F65436F24A23C0A0080C445 /* NewsView.swift */ = {isa = PBXFileReference; lastKnownFileType = sourcecode.swift; path = NewsView.swift; sourceTree = "<group>"; };
		2F65437124A249F00080C445 /* NewsObjevcts.swift */ = {isa = PBXFileReference; lastKnownFileType = sourcecode.swift; path = NewsObjevcts.swift; sourceTree = "<group>"; };
		2F82279824A5C63E00612BFF /* ApplicationObjects.swift */ = {isa = PBXFileReference; lastKnownFileType = sourcecode.swift; path = ApplicationObjects.swift; sourceTree = "<group>"; };
		2F82279B24A5D3AC00612BFF /* CreateApplicationVC.swift */ = {isa = PBXFileReference; lastKnownFileType = sourcecode.swift; path = CreateApplicationVC.swift; sourceTree = "<group>"; };
		2F82279D24A605D000612BFF /* MyApplicationsVC.swift */ = {isa = PBXFileReference; lastKnownFileType = sourcecode.swift; path = MyApplicationsVC.swift; sourceTree = "<group>"; };
		2F82279F24A61EE600612BFF /* ApplicationVC.swift */ = {isa = PBXFileReference; lastKnownFileType = sourcecode.swift; path = ApplicationVC.swift; sourceTree = "<group>"; };
		2FF6C17724A8B4EA00E64505 /* VolunteerListVC.swift */ = {isa = PBXFileReference; lastKnownFileType = sourcecode.swift; path = VolunteerListVC.swift; sourceTree = "<group>"; };
		2FF6C17924A8E09300E64505 /* SuccessView.swift */ = {isa = PBXFileReference; lastKnownFileType = sourcecode.swift; path = SuccessView.swift; sourceTree = "<group>"; };
		4850EF2CF64FA1018328D9A9 /* Pods-SmartVolunteer.debug.xcconfig */ = {isa = PBXFileReference; includeInIndex = 1; lastKnownFileType = text.xcconfig; name = "Pods-SmartVolunteer.debug.xcconfig"; path = "Target Support Files/Pods-SmartVolunteer/Pods-SmartVolunteer.debug.xcconfig"; sourceTree = "<group>"; };
		5CB688ED28AC0C3D03F7EA83 /* Pods_SmartVolunteer.framework */ = {isa = PBXFileReference; explicitFileType = wrapper.framework; includeInIndex = 0; path = Pods_SmartVolunteer.framework; sourceTree = BUILT_PRODUCTS_DIR; };
		7FD70581A056A715446020F8 /* Pods-SmartVolunteer.release.xcconfig */ = {isa = PBXFileReference; includeInIndex = 1; lastKnownFileType = text.xcconfig; name = "Pods-SmartVolunteer.release.xcconfig"; path = "Target Support Files/Pods-SmartVolunteer/Pods-SmartVolunteer.release.xcconfig"; sourceTree = "<group>"; };
		F2156CE524A8F96000BFFDBD /* FundsRequestsVC.swift */ = {isa = PBXFileReference; lastKnownFileType = sourcecode.swift; path = FundsRequestsVC.swift; sourceTree = "<group>"; };
		F2156CE724A901FF00BFFDBD /* MyFundsVC.swift */ = {isa = PBXFileReference; lastKnownFileType = sourcecode.swift; path = MyFundsVC.swift; sourceTree = "<group>"; };
		F2156CE924A9125200BFFDBD /* ProfileVC.swift */ = {isa = PBXFileReference; lastKnownFileType = sourcecode.swift; path = ProfileVC.swift; sourceTree = "<group>"; };
		F2156CEB24A9164400BFFDBD /* DataView.swift */ = {isa = PBXFileReference; lastKnownFileType = sourcecode.swift; path = DataView.swift; sourceTree = "<group>"; };
		F2156CED24A91B7700BFFDBD /* ProfileViewController.swift */ = {isa = PBXFileReference; lastKnownFileType = sourcecode.swift; path = ProfileViewController.swift; sourceTree = "<group>"; };
		F2156CEE24A91B7700BFFDBD /* ProfileViewController.xib */ = {isa = PBXFileReference; lastKnownFileType = file.xib; path = ProfileViewController.xib; sourceTree = "<group>"; };
		F24B2D2D249FC5CC0080C5B4 /* SmartVolunteer.app */ = {isa = PBXFileReference; explicitFileType = wrapper.application; includeInIndex = 0; path = SmartVolunteer.app; sourceTree = BUILT_PRODUCTS_DIR; };
		F24B2D30249FC5CC0080C5B4 /* AppDelegate.swift */ = {isa = PBXFileReference; lastKnownFileType = sourcecode.swift; path = AppDelegate.swift; sourceTree = "<group>"; };
		F24B2D37249FC5CC0080C5B4 /* Base */ = {isa = PBXFileReference; lastKnownFileType = file.storyboard; name = Base; path = Base.lproj/Main.storyboard; sourceTree = "<group>"; };
		F24B2D39249FC5CF0080C5B4 /* Assets.xcassets */ = {isa = PBXFileReference; lastKnownFileType = folder.assetcatalog; path = Assets.xcassets; sourceTree = "<group>"; };
		F24B2D3C249FC5CF0080C5B4 /* Base */ = {isa = PBXFileReference; lastKnownFileType = file.storyboard; name = Base; path = Base.lproj/LaunchScreen.storyboard; sourceTree = "<group>"; };
		F24B2D3E249FC5CF0080C5B4 /* Info.plist */ = {isa = PBXFileReference; lastKnownFileType = text.plist.xml; path = Info.plist; sourceTree = "<group>"; };
		F24B2D47249FC6340080C5B4 /* StackViewExtensions.swift */ = {isa = PBXFileReference; fileEncoding = 4; lastKnownFileType = sourcecode.swift; path = StackViewExtensions.swift; sourceTree = "<group>"; };
		F24B2D48249FC6340080C5B4 /* ViewExtensions.swift */ = {isa = PBXFileReference; fileEncoding = 4; lastKnownFileType = sourcecode.swift; path = ViewExtensions.swift; sourceTree = "<group>"; };
		F24B2D49249FC6340080C5B4 /* StringExtension.swift */ = {isa = PBXFileReference; fileEncoding = 4; lastKnownFileType = sourcecode.swift; path = StringExtension.swift; sourceTree = "<group>"; };
		F24B2D4A249FC6340080C5B4 /* LabelExtensions.swift */ = {isa = PBXFileReference; fileEncoding = 4; lastKnownFileType = sourcecode.swift; path = LabelExtensions.swift; sourceTree = "<group>"; };
		F24B2D4B249FC6340080C5B4 /* UIViewExtensions.swift */ = {isa = PBXFileReference; fileEncoding = 4; lastKnownFileType = sourcecode.swift; path = UIViewExtensions.swift; sourceTree = "<group>"; };
		F24B2D4C249FC6340080C5B4 /* ScrollStackController.swift */ = {isa = PBXFileReference; fileEncoding = 4; lastKnownFileType = sourcecode.swift; path = ScrollStackController.swift; sourceTree = "<group>"; };
		F24B2D4D249FC6340080C5B4 /* Colors.swift */ = {isa = PBXFileReference; fileEncoding = 4; lastKnownFileType = sourcecode.swift; path = Colors.swift; sourceTree = "<group>"; };
		F24B2D4E249FC6350080C5B4 /* ViewControllerExtension.swift */ = {isa = PBXFileReference; fileEncoding = 4; lastKnownFileType = sourcecode.swift; path = ViewControllerExtension.swift; sourceTree = "<group>"; };
		F24B2D58249FC6780080C5B4 /* Constants.swift */ = {isa = PBXFileReference; lastKnownFileType = sourcecode.swift; path = Constants.swift; sourceTree = "<group>"; };
		F24B2D5A249FC72E0080C5B4 /* Requests.swift */ = {isa = PBXFileReference; lastKnownFileType = sourcecode.swift; path = Requests.swift; sourceTree = "<group>"; };
		F26F262524A11EE800934874 /* CheckIINVC.swift */ = {isa = PBXFileReference; lastKnownFileType = sourcecode.swift; path = CheckIINVC.swift; sourceTree = "<group>"; };
		F26F262624A11EE800934874 /* CheckIINVC.xib */ = {isa = PBXFileReference; lastKnownFileType = file.xib; path = CheckIINVC.xib; sourceTree = "<group>"; };
		F2B26A8824A2246A001EAC0E /* PasswordVC.swift */ = {isa = PBXFileReference; lastKnownFileType = sourcecode.swift; path = PasswordVC.swift; sourceTree = "<group>"; };
		F2B26A8924A2246A001EAC0E /* PasswordVC.xib */ = {isa = PBXFileReference; lastKnownFileType = file.xib; path = PasswordVC.xib; sourceTree = "<group>"; };
		F2B26A8C24A22A25001EAC0E /* SignUpVC.swift */ = {isa = PBXFileReference; lastKnownFileType = sourcecode.swift; path = SignUpVC.swift; sourceTree = "<group>"; };
		F2B26A8F24A27755001EAC0E /* GeneralButton.swift */ = {isa = PBXFileReference; lastKnownFileType = sourcecode.swift; path = GeneralButton.swift; sourceTree = "<group>"; };
		F2B26A9124A279F4001EAC0E /* ChooseCityVC.swift */ = {isa = PBXFileReference; lastKnownFileType = sourcecode.swift; path = ChooseCityVC.swift; sourceTree = "<group>"; };
		F2B26A9424A28330001EAC0E /* Models.swift */ = {isa = PBXFileReference; lastKnownFileType = sourcecode.swift; path = Models.swift; sourceTree = "<group>"; };
		F2B26A9724A33B9C001EAC0E /* TabbarViewController.swift */ = {isa = PBXFileReference; lastKnownFileType = sourcecode.swift; path = TabbarViewController.swift; sourceTree = "<group>"; };
		F2B26A9A24A34B08001EAC0E /* FundsListVC.swift */ = {isa = PBXFileReference; lastKnownFileType = sourcecode.swift; path = FundsListVC.swift; sourceTree = "<group>"; };
		F2B26A9D24A34C33001EAC0E /* FuncTVC.swift */ = {isa = PBXFileReference; lastKnownFileType = sourcecode.swift; path = FuncTVC.swift; sourceTree = "<group>"; };
		F2B26A9E24A34C33001EAC0E /* FuncTVC.xib */ = {isa = PBXFileReference; lastKnownFileType = file.xib; path = FuncTVC.xib; sourceTree = "<group>"; };
		F2DB2CEC24A4BCC600940F1C /* FundVC.swift */ = {isa = PBXFileReference; lastKnownFileType = sourcecode.swift; path = FundVC.swift; sourceTree = "<group>"; };
		F2DB2CED24A4BCC600940F1C /* FundVC.xib */ = {isa = PBXFileReference; lastKnownFileType = file.xib; path = FundVC.xib; sourceTree = "<group>"; };
/* End PBXFileReference section */

/* Begin PBXFrameworksBuildPhase section */
		F24B2D2A249FC5CC0080C5B4 /* Frameworks */ = {
			isa = PBXFrameworksBuildPhase;
			buildActionMask = 2147483647;
			files = (
				917714ACC9491D5F50AAB7B3 /* Pods_SmartVolunteer.framework in Frameworks */,
			);
			runOnlyForDeploymentPostprocessing = 0;
		};
/* End PBXFrameworksBuildPhase section */

/* Begin PBXGroup section */
		2F07095A24A46FA90023B1AB /* applications */ = {
			isa = PBXGroup;
			children = (
				2F07095B24A46FE20023B1AB /* ApplicationsListVC.swift */,
				2F82279F24A61EE600612BFF /* ApplicationVC.swift */,
				2F07095D24A476250023B1AB /* ApplicationView.swift */,
				2F82279824A5C63E00612BFF /* ApplicationObjects.swift */,
				2F2A137824A494F800E4A9DA /* FilterVC.swift */,
				2F2A137C24A4A8FC00E4A9DA /* CityCVC.swift */,
				2F2A137D24A4A8FC00E4A9DA /* CityCVC.xib */,
			);
			path = applications;
			sourceTree = "<group>";
		};
		2F65436C24A23A8D0080C445 /* News */ = {
			isa = PBXGroup;
			children = (
				2F65436D24A23AF00080C445 /* NewsListVC.swift */,
				2F07095824A3E5340023B1AB /* NewsPageVC.swift */,
				2F65436F24A23C0A0080C445 /* NewsView.swift */,
				2F65437124A249F00080C445 /* NewsObjevcts.swift */,
			);
			path = News;
			sourceTree = "<group>";
		};
		2F82279A24A5D35500612BFF /* Create application */ = {
			isa = PBXGroup;
			children = (
				2F82279B24A5D3AC00612BFF /* CreateApplicationVC.swift */,
				2F82279D24A605D000612BFF /* MyApplicationsVC.swift */,
				2FF6C17724A8B4EA00E64505 /* VolunteerListVC.swift */,
			);
			path = "Create application";
			sourceTree = "<group>";
		};
		54D5D171D3AF39C0D4DE1129 /* Frameworks */ = {
			isa = PBXGroup;
			children = (
				5CB688ED28AC0C3D03F7EA83 /* Pods_SmartVolunteer.framework */,
			);
			name = Frameworks;
			sourceTree = "<group>";
		};
		9EB19CCD45862BC4C894374F /* Pods */ = {
			isa = PBXGroup;
			children = (
				4850EF2CF64FA1018328D9A9 /* Pods-SmartVolunteer.debug.xcconfig */,
				7FD70581A056A715446020F8 /* Pods-SmartVolunteer.release.xcconfig */,
			);
			path = Pods;
			sourceTree = "<group>";
		};
		F24B2D24249FC5CC0080C5B4 = {
			isa = PBXGroup;
			children = (
				F24B2D2F249FC5CC0080C5B4 /* SmartVolunteer */,
				F24B2D2E249FC5CC0080C5B4 /* Products */,
				9EB19CCD45862BC4C894374F /* Pods */,
				54D5D171D3AF39C0D4DE1129 /* Frameworks */,
			);
			sourceTree = "<group>";
		};
		F24B2D2E249FC5CC0080C5B4 /* Products */ = {
			isa = PBXGroup;
			children = (
				F24B2D2D249FC5CC0080C5B4 /* SmartVolunteer.app */,
			);
			name = Products;
			sourceTree = "<group>";
		};
		F24B2D2F249FC5CC0080C5B4 /* SmartVolunteer */ = {
			isa = PBXGroup;
			children = (
				F2B26A9C24A34C13001EAC0E /* Cells */,
				F2B26A9924A34AF4001EAC0E /* Funds */,
				F2B26A9624A33B6B001EAC0E /* Profile */,
				F2B26A9324A28321001EAC0E /* Models */,
				F2B26A8E24A2773F001EAC0E /* Views */,
				F24B2D57249FC64E0080C5B4 /* Networking */,
				F24B2D46249FC6280080C5B4 /* Other */,
				2F65436C24A23A8D0080C445 /* News */,
				2F07095A24A46FA90023B1AB /* applications */,
				2F82279A24A5D35500612BFF /* Create application */,
				F26F262424A11DE000934874 /* Auth */,
				F24B2D30249FC5CC0080C5B4 /* AppDelegate.swift */,
				F24B2D36249FC5CC0080C5B4 /* Main.storyboard */,
				F24B2D39249FC5CF0080C5B4 /* Assets.xcassets */,
				F24B2D3B249FC5CF0080C5B4 /* LaunchScreen.storyboard */,
				F24B2D3E249FC5CF0080C5B4 /* Info.plist */,
				F2B26A9724A33B9C001EAC0E /* TabbarViewController.swift */,
			);
			path = SmartVolunteer;
			sourceTree = "<group>";
		};
		F24B2D46249FC6280080C5B4 /* Other */ = {
			isa = PBXGroup;
			children = (
				F24B2D4D249FC6340080C5B4 /* Colors.swift */,
				F24B2D4A249FC6340080C5B4 /* LabelExtensions.swift */,
				F24B2D4C249FC6340080C5B4 /* ScrollStackController.swift */,
				F24B2D47249FC6340080C5B4 /* StackViewExtensions.swift */,
				F24B2D49249FC6340080C5B4 /* StringExtension.swift */,
				F24B2D4B249FC6340080C5B4 /* UIViewExtensions.swift */,
				F24B2D4E249FC6350080C5B4 /* ViewControllerExtension.swift */,
				F24B2D48249FC6340080C5B4 /* ViewExtensions.swift */,
			);
			path = Other;
			sourceTree = "<group>";
		};
		F24B2D57249FC64E0080C5B4 /* Networking */ = {
			isa = PBXGroup;
			children = (
				F24B2D58249FC6780080C5B4 /* Constants.swift */,
				F24B2D5A249FC72E0080C5B4 /* Requests.swift */,
			);
			path = Networking;
			sourceTree = "<group>";
		};
		F26F262424A11DE000934874 /* Auth */ = {
			isa = PBXGroup;
			children = (
				F26F262524A11EE800934874 /* CheckIINVC.swift */,
				F26F262624A11EE800934874 /* CheckIINVC.xib */,
				F2B26A8824A2246A001EAC0E /* PasswordVC.swift */,
				F2B26A8924A2246A001EAC0E /* PasswordVC.xib */,
				F2B26A8C24A22A25001EAC0E /* SignUpVC.swift */,
				F2B26A9124A279F4001EAC0E /* ChooseCityVC.swift */,
			);
			path = Auth;
			sourceTree = "<group>";
		};
		F2B26A8E24A2773F001EAC0E /* Views */ = {
			isa = PBXGroup;
			children = (
				F2B26A8F24A27755001EAC0E /* GeneralButton.swift */,
				2FF6C17924A8E09300E64505 /* SuccessView.swift */,
				F2156CEB24A9164400BFFDBD /* DataView.swift */,
			);
			path = Views;
			sourceTree = "<group>";
		};
		F2B26A9324A28321001EAC0E /* Models */ = {
			isa = PBXGroup;
			children = (
				F2B26A9424A28330001EAC0E /* Models.swift */,
			);
			path = Models;
			sourceTree = "<group>";
		};
		F2B26A9624A33B6B001EAC0E /* Profile */ = {
			isa = PBXGroup;
			children = (
				F2156CE924A9125200BFFDBD /* ProfileVC.swift */,
				F2156CED24A91B7700BFFDBD /* ProfileViewController.swift */,
				F2156CEE24A91B7700BFFDBD /* ProfileViewController.xib */,
			);
			path = Profile;
			sourceTree = "<group>";
		};
		F2B26A9924A34AF4001EAC0E /* Funds */ = {
			isa = PBXGroup;
			children = (
				F2B26A9A24A34B08001EAC0E /* FundsListVC.swift */,
				F2156CE724A901FF00BFFDBD /* MyFundsVC.swift */,
				F2DB2CEC24A4BCC600940F1C /* FundVC.swift */,
				F2156CE524A8F96000BFFDBD /* FundsRequestsVC.swift */,
				F2DB2CED24A4BCC600940F1C /* FundVC.xib */,
			);
			path = Funds;
			sourceTree = "<group>";
		};
		F2B26A9C24A34C13001EAC0E /* Cells */ = {
			isa = PBXGroup;
			children = (
				F2B26A9D24A34C33001EAC0E /* FuncTVC.swift */,
				F2B26A9E24A34C33001EAC0E /* FuncTVC.xib */,
			);
			path = Cells;
			sourceTree = "<group>";
		};
/* End PBXGroup section */

/* Begin PBXNativeTarget section */
		F24B2D2C249FC5CC0080C5B4 /* SmartVolunteer */ = {
			isa = PBXNativeTarget;
			buildConfigurationList = F24B2D41249FC5CF0080C5B4 /* Build configuration list for PBXNativeTarget "SmartVolunteer" */;
			buildPhases = (
				5C6C1136FDD12AA8F490A14B /* [CP] Check Pods Manifest.lock */,
				F24B2D29249FC5CC0080C5B4 /* Sources */,
				F24B2D2A249FC5CC0080C5B4 /* Frameworks */,
				F24B2D2B249FC5CC0080C5B4 /* Resources */,
				A307360540055038EEA0F023 /* [CP] Embed Pods Frameworks */,
				EB98A7C9DD774387F748AB4D /* [CP] Copy Pods Resources */,
			);
			buildRules = (
			);
			dependencies = (
			);
			name = SmartVolunteer;
			productName = SmartVolunteer;
			productReference = F24B2D2D249FC5CC0080C5B4 /* SmartVolunteer.app */;
			productType = "com.apple.product-type.application";
		};
/* End PBXNativeTarget section */

/* Begin PBXProject section */
		F24B2D25249FC5CC0080C5B4 /* Project object */ = {
			isa = PBXProject;
			attributes = {
				LastSwiftUpdateCheck = 1100;
				LastUpgradeCheck = 1100;
				ORGANIZATIONNAME = "Таир Адибек";
				TargetAttributes = {
					F24B2D2C249FC5CC0080C5B4 = {
						CreatedOnToolsVersion = 11.0;
					};
				};
			};
			buildConfigurationList = F24B2D28249FC5CC0080C5B4 /* Build configuration list for PBXProject "SmartVolunteer" */;
			compatibilityVersion = "Xcode 9.3";
			developmentRegion = en;
			hasScannedForEncodings = 0;
			knownRegions = (
				en,
				Base,
			);
			mainGroup = F24B2D24249FC5CC0080C5B4;
			productRefGroup = F24B2D2E249FC5CC0080C5B4 /* Products */;
			projectDirPath = "";
			projectRoot = "";
			targets = (
				F24B2D2C249FC5CC0080C5B4 /* SmartVolunteer */,
			);
		};
/* End PBXProject section */

/* Begin PBXResourcesBuildPhase section */
		F24B2D2B249FC5CC0080C5B4 /* Resources */ = {
			isa = PBXResourcesBuildPhase;
			buildActionMask = 2147483647;
			files = (
				F2156CF024A91B7700BFFDBD /* ProfileViewController.xib in Resources */,
				F24B2D3D249FC5CF0080C5B4 /* LaunchScreen.storyboard in Resources */,
				F2B26AA024A34C33001EAC0E /* FuncTVC.xib in Resources */,
				F24B2D3A249FC5CF0080C5B4 /* Assets.xcassets in Resources */,
				F26F262824A11EE800934874 /* CheckIINVC.xib in Resources */,
				F2B26A8B24A2246A001EAC0E /* PasswordVC.xib in Resources */,
				F24B2D38249FC5CC0080C5B4 /* Main.storyboard in Resources */,
				F2DB2CEF24A4BCC600940F1C /* FundVC.xib in Resources */,
				2F2A137F24A4A8FC00E4A9DA /* CityCVC.xib in Resources */,
			);
			runOnlyForDeploymentPostprocessing = 0;
		};
/* End PBXResourcesBuildPhase section */

/* Begin PBXShellScriptBuildPhase section */
		5C6C1136FDD12AA8F490A14B /* [CP] Check Pods Manifest.lock */ = {
			isa = PBXShellScriptBuildPhase;
			buildActionMask = 2147483647;
			files = (
			);
			inputFileListPaths = (
			);
			inputPaths = (
				"${PODS_PODFILE_DIR_PATH}/Podfile.lock",
				"${PODS_ROOT}/Manifest.lock",
			);
			name = "[CP] Check Pods Manifest.lock";
			outputFileListPaths = (
			);
			outputPaths = (
				"$(DERIVED_FILE_DIR)/Pods-SmartVolunteer-checkManifestLockResult.txt",
			);
			runOnlyForDeploymentPostprocessing = 0;
			shellPath = /bin/sh;
			shellScript = "diff \"${PODS_PODFILE_DIR_PATH}/Podfile.lock\" \"${PODS_ROOT}/Manifest.lock\" > /dev/null\nif [ $? != 0 ] ; then\n    # print error to STDERR\n    echo \"error: The sandbox is not in sync with the Podfile.lock. Run 'pod install' or update your CocoaPods installation.\" >&2\n    exit 1\nfi\n# This output is used by Xcode 'outputs' to avoid re-running this script phase.\necho \"SUCCESS\" > \"${SCRIPT_OUTPUT_FILE_0}\"\n";
			showEnvVarsInLog = 0;
		};
		A307360540055038EEA0F023 /* [CP] Embed Pods Frameworks */ = {
			isa = PBXShellScriptBuildPhase;
			buildActionMask = 2147483647;
			files = (
			);
			inputFileListPaths = (
				"${PODS_ROOT}/Target Support Files/Pods-SmartVolunteer/Pods-SmartVolunteer-frameworks-${CONFIGURATION}-input-files.xcfilelist",
			);
			name = "[CP] Embed Pods Frameworks";
			outputFileListPaths = (
				"${PODS_ROOT}/Target Support Files/Pods-SmartVolunteer/Pods-SmartVolunteer-frameworks-${CONFIGURATION}-output-files.xcfilelist",
			);
			runOnlyForDeploymentPostprocessing = 0;
			shellPath = /bin/sh;
			shellScript = "\"${PODS_ROOT}/Target Support Files/Pods-SmartVolunteer/Pods-SmartVolunteer-frameworks.sh\"\n";
			showEnvVarsInLog = 0;
		};
		EB98A7C9DD774387F748AB4D /* [CP] Copy Pods Resources */ = {
			isa = PBXShellScriptBuildPhase;
			buildActionMask = 2147483647;
			files = (
			);
			inputFileListPaths = (
				"${PODS_ROOT}/Target Support Files/Pods-SmartVolunteer/Pods-SmartVolunteer-resources-${CONFIGURATION}-input-files.xcfilelist",
			);
			name = "[CP] Copy Pods Resources";
			outputFileListPaths = (
				"${PODS_ROOT}/Target Support Files/Pods-SmartVolunteer/Pods-SmartVolunteer-resources-${CONFIGURATION}-output-files.xcfilelist",
			);
			runOnlyForDeploymentPostprocessing = 0;
			shellPath = /bin/sh;
			shellScript = "\"${PODS_ROOT}/Target Support Files/Pods-SmartVolunteer/Pods-SmartVolunteer-resources.sh\"\n";
			showEnvVarsInLog = 0;
		};
/* End PBXShellScriptBuildPhase section */

/* Begin PBXSourcesBuildPhase section */
		F24B2D29249FC5CC0080C5B4 /* Sources */ = {
			isa = PBXSourcesBuildPhase;
			buildActionMask = 2147483647;
			files = (
				F2B26A9224A279F4001EAC0E /* ChooseCityVC.swift in Sources */,
				F2B26A9524A28330001EAC0E /* Models.swift in Sources */,
				F2B26A8D24A22A25001EAC0E /* SignUpVC.swift in Sources */,
				F2B26A9F24A34C33001EAC0E /* FuncTVC.swift in Sources */,
				F24B2D31249FC5CC0080C5B4 /* AppDelegate.swift in Sources */,
				F24B2D59249FC6780080C5B4 /* Constants.swift in Sources */,
				F2156CE824A901FF00BFFDBD /* MyFundsVC.swift in Sources */,
				F24B2D55249FC6350080C5B4 /* Colors.swift in Sources */,
				2F65437024A23C0A0080C445 /* NewsView.swift in Sources */,
				2F65436E24A23AF00080C445 /* NewsListVC.swift in Sources */,
				F2156CE624A8F96000BFFDBD /* FundsRequestsVC.swift in Sources */,
				2F82279E24A605D000612BFF /* MyApplicationsVC.swift in Sources */,
				2F07095924A3E5340023B1AB /* NewsPageVC.swift in Sources */,
				F24B2D53249FC6350080C5B4 /* UIViewExtensions.swift in Sources */,
				F24B2D4F249FC6350080C5B4 /* StackViewExtensions.swift in Sources */,
				F2B26A9824A33B9C001EAC0E /* TabbarViewController.swift in Sources */,
				F2B26A9024A27755001EAC0E /* GeneralButton.swift in Sources */,
				F2DB2CEE24A4BCC600940F1C /* FundVC.swift in Sources */,
				F24B2D52249FC6350080C5B4 /* LabelExtensions.swift in Sources */,
				2F82279924A5C63E00612BFF /* ApplicationObjects.swift in Sources */,
				F2B26A8A24A2246A001EAC0E /* PasswordVC.swift in Sources */,
				F2156CEC24A9164400BFFDBD /* DataView.swift in Sources */,
				F2156CEF24A91B7700BFFDBD /* ProfileViewController.swift in Sources */,
				F26F262724A11EE800934874 /* CheckIINVC.swift in Sources */,
				F2156CEA24A9125200BFFDBD /* ProfileVC.swift in Sources */,
				2F82279C24A5D3AC00612BFF /* CreateApplicationVC.swift in Sources */,
				2FF6C17824A8B4EB00E64505 /* VolunteerListVC.swift in Sources */,
				2F2A137924A494F800E4A9DA /* FilterVC.swift in Sources */,
				2F2A137E24A4A8FC00E4A9DA /* CityCVC.swift in Sources */,
				F24B2D51249FC6350080C5B4 /* StringExtension.swift in Sources */,
				2F65437224A249F00080C445 /* NewsObjevcts.swift in Sources */,
				F24B2D50249FC6350080C5B4 /* ViewExtensions.swift in Sources */,
				2FF6C17A24A8E09300E64505 /* SuccessView.swift in Sources */,
				2F07095C24A46FE20023B1AB /* ApplicationsListVC.swift in Sources */,
				2F8227A024A61EE600612BFF /* ApplicationVC.swift in Sources */,
				F24B2D5B249FC72E0080C5B4 /* Requests.swift in Sources */,
				F2B26A9B24A34B08001EAC0E /* FundsListVC.swift in Sources */,
				F24B2D56249FC6350080C5B4 /* ViewControllerExtension.swift in Sources */,
				F24B2D54249FC6350080C5B4 /* ScrollStackController.swift in Sources */,
				2F07095E24A476250023B1AB /* ApplicationView.swift in Sources */,
			);
			runOnlyForDeploymentPostprocessing = 0;
		};
/* End PBXSourcesBuildPhase section */

/* Begin PBXVariantGroup section */
		F24B2D36249FC5CC0080C5B4 /* Main.storyboard */ = {
			isa = PBXVariantGroup;
			children = (
				F24B2D37249FC5CC0080C5B4 /* Base */,
			);
			name = Main.storyboard;
			sourceTree = "<group>";
		};
		F24B2D3B249FC5CF0080C5B4 /* LaunchScreen.storyboard */ = {
			isa = PBXVariantGroup;
			children = (
				F24B2D3C249FC5CF0080C5B4 /* Base */,
			);
			name = LaunchScreen.storyboard;
			sourceTree = "<group>";
		};
/* End PBXVariantGroup section */

/* Begin XCBuildConfiguration section */
		F24B2D3F249FC5CF0080C5B4 /* Debug */ = {
			isa = XCBuildConfiguration;
			buildSettings = {
				ALWAYS_SEARCH_USER_PATHS = NO;
				CLANG_ANALYZER_NONNULL = YES;
				CLANG_ANALYZER_NUMBER_OBJECT_CONVERSION = YES_AGGRESSIVE;
				CLANG_CXX_LANGUAGE_STANDARD = "gnu++14";
				CLANG_CXX_LIBRARY = "libc++";
				CLANG_ENABLE_MODULES = YES;
				CLANG_ENABLE_OBJC_ARC = YES;
				CLANG_ENABLE_OBJC_WEAK = YES;
				CLANG_WARN_BLOCK_CAPTURE_AUTORELEASING = YES;
				CLANG_WARN_BOOL_CONVERSION = YES;
				CLANG_WARN_COMMA = YES;
				CLANG_WARN_CONSTANT_CONVERSION = YES;
				CLANG_WARN_DEPRECATED_OBJC_IMPLEMENTATIONS = YES;
				CLANG_WARN_DIRECT_OBJC_ISA_USAGE = YES_ERROR;
				CLANG_WARN_DOCUMENTATION_COMMENTS = YES;
				CLANG_WARN_EMPTY_BODY = YES;
				CLANG_WARN_ENUM_CONVERSION = YES;
				CLANG_WARN_INFINITE_RECURSION = YES;
				CLANG_WARN_INT_CONVERSION = YES;
				CLANG_WARN_NON_LITERAL_NULL_CONVERSION = YES;
				CLANG_WARN_OBJC_IMPLICIT_RETAIN_SELF = YES;
				CLANG_WARN_OBJC_LITERAL_CONVERSION = YES;
				CLANG_WARN_OBJC_ROOT_CLASS = YES_ERROR;
				CLANG_WARN_RANGE_LOOP_ANALYSIS = YES;
				CLANG_WARN_STRICT_PROTOTYPES = YES;
				CLANG_WARN_SUSPICIOUS_MOVE = YES;
				CLANG_WARN_UNGUARDED_AVAILABILITY = YES_AGGRESSIVE;
				CLANG_WARN_UNREACHABLE_CODE = YES;
				CLANG_WARN__DUPLICATE_METHOD_MATCH = YES;
				COPY_PHASE_STRIP = NO;
				DEBUG_INFORMATION_FORMAT = dwarf;
				ENABLE_STRICT_OBJC_MSGSEND = YES;
				ENABLE_TESTABILITY = YES;
				GCC_C_LANGUAGE_STANDARD = gnu11;
				GCC_DYNAMIC_NO_PIC = NO;
				GCC_NO_COMMON_BLOCKS = YES;
				GCC_OPTIMIZATION_LEVEL = 0;
				GCC_PREPROCESSOR_DEFINITIONS = (
					"DEBUG=1",
					"$(inherited)",
				);
				GCC_WARN_64_TO_32_BIT_CONVERSION = YES;
				GCC_WARN_ABOUT_RETURN_TYPE = YES_ERROR;
				GCC_WARN_UNDECLARED_SELECTOR = YES;
				GCC_WARN_UNINITIALIZED_AUTOS = YES_AGGRESSIVE;
				GCC_WARN_UNUSED_FUNCTION = YES;
				GCC_WARN_UNUSED_VARIABLE = YES;
				IPHONEOS_DEPLOYMENT_TARGET = 13.0;
				MTL_ENABLE_DEBUG_INFO = INCLUDE_SOURCE;
				MTL_FAST_MATH = YES;
				ONLY_ACTIVE_ARCH = YES;
				SDKROOT = iphoneos;
				SWIFT_ACTIVE_COMPILATION_CONDITIONS = DEBUG;
				SWIFT_OPTIMIZATION_LEVEL = "-Onone";
			};
			name = Debug;
		};
		F24B2D40249FC5CF0080C5B4 /* Release */ = {
			isa = XCBuildConfiguration;
			buildSettings = {
				ALWAYS_SEARCH_USER_PATHS = NO;
				CLANG_ANALYZER_NONNULL = YES;
				CLANG_ANALYZER_NUMBER_OBJECT_CONVERSION = YES_AGGRESSIVE;
				CLANG_CXX_LANGUAGE_STANDARD = "gnu++14";
				CLANG_CXX_LIBRARY = "libc++";
				CLANG_ENABLE_MODULES = YES;
				CLANG_ENABLE_OBJC_ARC = YES;
				CLANG_ENABLE_OBJC_WEAK = YES;
				CLANG_WARN_BLOCK_CAPTURE_AUTORELEASING = YES;
				CLANG_WARN_BOOL_CONVERSION = YES;
				CLANG_WARN_COMMA = YES;
				CLANG_WARN_CONSTANT_CONVERSION = YES;
				CLANG_WARN_DEPRECATED_OBJC_IMPLEMENTATIONS = YES;
				CLANG_WARN_DIRECT_OBJC_ISA_USAGE = YES_ERROR;
				CLANG_WARN_DOCUMENTATION_COMMENTS = YES;
				CLANG_WARN_EMPTY_BODY = YES;
				CLANG_WARN_ENUM_CONVERSION = YES;
				CLANG_WARN_INFINITE_RECURSION = YES;
				CLANG_WARN_INT_CONVERSION = YES;
				CLANG_WARN_NON_LITERAL_NULL_CONVERSION = YES;
				CLANG_WARN_OBJC_IMPLICIT_RETAIN_SELF = YES;
				CLANG_WARN_OBJC_LITERAL_CONVERSION = YES;
				CLANG_WARN_OBJC_ROOT_CLASS = YES_ERROR;
				CLANG_WARN_RANGE_LOOP_ANALYSIS = YES;
				CLANG_WARN_STRICT_PROTOTYPES = YES;
				CLANG_WARN_SUSPICIOUS_MOVE = YES;
				CLANG_WARN_UNGUARDED_AVAILABILITY = YES_AGGRESSIVE;
				CLANG_WARN_UNREACHABLE_CODE = YES;
				CLANG_WARN__DUPLICATE_METHOD_MATCH = YES;
				COPY_PHASE_STRIP = NO;
				DEBUG_INFORMATION_FORMAT = "dwarf-with-dsym";
				ENABLE_NS_ASSERTIONS = NO;
				ENABLE_STRICT_OBJC_MSGSEND = YES;
				GCC_C_LANGUAGE_STANDARD = gnu11;
				GCC_NO_COMMON_BLOCKS = YES;
				GCC_WARN_64_TO_32_BIT_CONVERSION = YES;
				GCC_WARN_ABOUT_RETURN_TYPE = YES_ERROR;
				GCC_WARN_UNDECLARED_SELECTOR = YES;
				GCC_WARN_UNINITIALIZED_AUTOS = YES_AGGRESSIVE;
				GCC_WARN_UNUSED_FUNCTION = YES;
				GCC_WARN_UNUSED_VARIABLE = YES;
				IPHONEOS_DEPLOYMENT_TARGET = 13.0;
				MTL_ENABLE_DEBUG_INFO = NO;
				MTL_FAST_MATH = YES;
				SDKROOT = iphoneos;
				SWIFT_COMPILATION_MODE = wholemodule;
				SWIFT_OPTIMIZATION_LEVEL = "-O";
				VALIDATE_PRODUCT = YES;
			};
			name = Release;
		};
		F24B2D42249FC5CF0080C5B4 /* Debug */ = {
			isa = XCBuildConfiguration;
			baseConfigurationReference = 4850EF2CF64FA1018328D9A9 /* Pods-SmartVolunteer.debug.xcconfig */;
			buildSettings = {
				ASSETCATALOG_COMPILER_APPICON_NAME = AppIcon;
				CODE_SIGN_STYLE = Automatic;
				DEVELOPMENT_TEAM = MLTGM7MLPY;
				INFOPLIST_FILE = SmartVolunteer/Info.plist;
				IPHONEOS_DEPLOYMENT_TARGET = 12.0;
				LD_RUNPATH_SEARCH_PATHS = (
					"$(inherited)",
					"@executable_path/Frameworks",
				);
				PRODUCT_BUNDLE_IDENTIFIER = qaz.SmartVolunteer;
				PRODUCT_NAME = "$(TARGET_NAME)";
				SWIFT_VERSION = 5.0;
				TARGETED_DEVICE_FAMILY = "1,2";
			};
			name = Debug;
		};
		F24B2D43249FC5CF0080C5B4 /* Release */ = {
			isa = XCBuildConfiguration;
			baseConfigurationReference = 7FD70581A056A715446020F8 /* Pods-SmartVolunteer.release.xcconfig */;
			buildSettings = {
				ASSETCATALOG_COMPILER_APPICON_NAME = AppIcon;
				CODE_SIGN_STYLE = Automatic;
				DEVELOPMENT_TEAM = MLTGM7MLPY;
				INFOPLIST_FILE = SmartVolunteer/Info.plist;
				IPHONEOS_DEPLOYMENT_TARGET = 12.0;
				LD_RUNPATH_SEARCH_PATHS = (
					"$(inherited)",
					"@executable_path/Frameworks",
				);
				PRODUCT_BUNDLE_IDENTIFIER = qaz.SmartVolunteer;
				PRODUCT_NAME = "$(TARGET_NAME)";
				SWIFT_VERSION = 5.0;
				TARGETED_DEVICE_FAMILY = "1,2";
			};
			name = Release;
		};
/* End XCBuildConfiguration section */

/* Begin XCConfigurationList section */
		F24B2D28249FC5CC0080C5B4 /* Build configuration list for PBXProject "SmartVolunteer" */ = {
			isa = XCConfigurationList;
			buildConfigurations = (
				F24B2D3F249FC5CF0080C5B4 /* Debug */,
				F24B2D40249FC5CF0080C5B4 /* Release */,
			);
			defaultConfigurationIsVisible = 0;
			defaultConfigurationName = Release;
		};
		F24B2D41249FC5CF0080C5B4 /* Build configuration list for PBXNativeTarget "SmartVolunteer" */ = {
			isa = XCConfigurationList;
			buildConfigurations = (
				F24B2D42249FC5CF0080C5B4 /* Debug */,
				F24B2D43249FC5CF0080C5B4 /* Release */,
			);
			defaultConfigurationIsVisible = 0;
			defaultConfigurationName = Release;
		};
/* End XCConfigurationList section */
	};
	rootObject = F24B2D25249FC5CC0080C5B4 /* Project object */;
}
